
Microsoft Visual Studio Solution File, Format Version 12.00
# Visual Studio Version 16
VisualStudioVersion = 16.0.29613.14
MinimumVisualStudioVersion = 10.0.40219.1
Project("{FAE04EC0-301F-11D3-BF4B-00C04F79EFBC}") = "RMQProducter", "RMQProducter.csproj", "{A8997FED-54F9-4C1E-AC8B-2E8AB092CD1A}"
EndProject
Project("{FAE04EC0-301F-11D3-BF4B-00C04F79EFBC}") = "RMQCustomer", "..\RMQCustomer\RMQCustomer.csproj", "{7DFEC3FA-0EB4-4747-AEB1-14205A3BCEB1}"
EndProject
Global
	GlobalSection(SolutionConfigurationPlatforms) = preSolution
		Debug|Any CPU = Debug|Any CPU
		Release|Any CPU = Release|Any CPU
	EndGlobalSection
	GlobalSection(ProjectConfigurationPlatforms) = postSolution
		{A8997FED-54F9-4C1E-AC8B-2E8AB092CD1A}.Debug|Any CPU.ActiveCfg = Debug|Any CPU
		{A8997FED-54F9-4C1E-AC8B-2E8AB092CD1A}.Debug|Any CPU.Build.0 = Debug|Any CPU
		{A8997FED-54F9-4C1E-AC8B-2E8AB092CD1A}.Release|Any CPU.ActiveCfg = Release|Any CPU
		{A8997FED-54F9-4C1E-AC8B-2E8AB092CD1A}.Release|Any CPU.Build.0 = Release|Any CPU
		{7DFEC3FA-0EB4-4747-AEB1-14205A3BCEB1}.Debug|Any CPU.ActiveCfg = Debug|Any CPU
		{7DFEC3FA-0EB4-4747-AEB1-14205A3BCEB1}.Debug|Any CPU.Build.0 = Debug|Any CPU
		{7DFEC3FA-0EB4-4747-AEB1-14205A3BCEB1}.Release|Any CPU.ActiveCfg = Release|Any CPU
		{7DFEC3FA-0EB4-4747-AEB1-14205A3BCEB1}.Release|Any CPU.Build.0 = Release|Any CPU
	EndGlobalSection
	GlobalSection(SolutionProperties) = preSolution
		HideSolutionNode = FALSE
	EndGlobalSection
	GlobalSection(ExtensibilityGlobals) = postSolution
		SolutionGuid = {44C0F61B-6B70-4E4E-839A-287CCDBFFE32}
	EndGlobalSection
EndGlobal
